# This file is automatically @generated by Cargo.
# It is not intended for manual editing.
version = 3

[[package]]
name = "cc"
version = "1.0.99"
source = "registry+https://github.com/rust-lang/crates.io-index"
checksum = "96c51067fd44124faa7f870b4b1c969379ad32b2ba805aa959430ceaa384f695"

[[package]]
name = "hello"
version = "0.1.0"
dependencies = [
 "mimalloc",
]

[[package]]
name = "libc"
version = "0.2.155"
source = "registry+https://github.com/rust-lang/crates.io-index"
checksum = "97b3888a4aecf77e811145cadf6eef5901f4782c53886191b2f693f24761847c"

[[package]]
name = "libmimalloc-sys"
version = "0.1.38"
source = "registry+https://github.com/rust-lang/crates.io-index"
checksum = "0e7bb23d733dfcc8af652a78b7bf232f0e967710d044732185e561e47c0336b6"
dependencies = [
 "cc",
 "libc",
]

[[package]]
name = "mimalloc"
version = "0.1.42"
source = "registry+https://github.com/rust-lang/crates.io-index"
checksum = "e9186d86b79b52f4a77af65604b51225e8db1d6ee7e3f41aec1e40829c71a176"
dependencies = [
 "libmimalloc-sys",
]
